
Microsoft Visual Studio Solution File, Format Version 12.00
# Visual Studio Version 18
VisualStudioVersion = 18.4.11605.240
MinimumVisualStudioVersion = 10.0.40219.1
Project("{FAE04EC0-301F-11D3-BF4B-00C04F79EFBC}") = "controlecafeservello", "cafeservello\controlecafeservello.csproj", "{43AD9309-116B-E3A6-9AE3-032F4EE7E2A0}"
EndProject
Global
	GlobalSection(SolutionConfigurationPlatforms) = preSolution
		Debug|Any CPU = Debug|Any CPU
		Release|Any CPU = Release|Any CPU
	EndGlobalSection
	GlobalSection(ProjectConfigurationPlatforms) = postSolution
		{43AD9309-116B-E3A6-9AE3-032F4EE7E2A0}.Debug|Any CPU.ActiveCfg = Debug|Any CPU
		{43AD9309-116B-E3A6-9AE3-032F4EE7E2A0}.Debug|Any CPU.Build.0 = Debug|Any CPU
		{43AD9309-116B-E3A6-9AE3-032F4EE7E2A0}.Release|Any CPU.ActiveCfg = Release|Any CPU
		{43AD9309-116B-E3A6-9AE3-032F4EE7E2A0}.Release|Any CPU.Build.0 = Release|Any CPU
	EndGlobalSection
	GlobalSection(SolutionProperties) = preSolution
		HideSolutionNode = FALSE
	EndGlobalSection
	GlobalSection(ExtensibilityGlobals) = postSolution
		SolutionGuid = {A20521C0-72FC-4C18-89C2-EFC63A287D2B}
	EndGlobalSection
EndGlobal
