
Microsoft Visual Studio Solution File, Format Version 12.00
# Visual Studio Version 17
VisualStudioVersion = 17.14.36705.20
MinimumVisualStudioVersion = 10.0.40219.1
Project("{FAE04EC0-301F-11D3-BF4B-00C04F79EFBC}") = "models-dto", "models-dto\models-dto.csproj", "{87E5117E-096C-46C4-A6A6-DD46F615C3A4}"
EndProject
Global
	GlobalSection(SolutionConfigurationPlatforms) = preSolution
		Debug|Any CPU = Debug|Any CPU
		Release|Any CPU = Release|Any CPU
	EndGlobalSection
	GlobalSection(ProjectConfigurationPlatforms) = postSolution
		{87E5117E-096C-46C4-A6A6-DD46F615C3A4}.Debug|Any CPU.ActiveCfg = Debug|Any CPU
		{87E5117E-096C-46C4-A6A6-DD46F615C3A4}.Debug|Any CPU.Build.0 = Debug|Any CPU
		{87E5117E-096C-46C4-A6A6-DD46F615C3A4}.Release|Any CPU.ActiveCfg = Release|Any CPU
		{87E5117E-096C-46C4-A6A6-DD46F615C3A4}.Release|Any CPU.Build.0 = Release|Any CPU
	EndGlobalSection
	GlobalSection(SolutionProperties) = preSolution
		HideSolutionNode = FALSE
	EndGlobalSection
	GlobalSection(ExtensibilityGlobals) = postSolution
		SolutionGuid = {A20521C0-72FC-4C18-89C2-EFC63A287D2B}
	EndGlobalSection
EndGlobal
